
Microsoft Visual Studio Solution File, Format Version 12.00
# Visual Studio 2012
Project("{FAE04EC0-301F-11D3-BF4B-00C04F79EFBC}") = "Laba2.1", "Laba2.1\Laba2.1.csproj", "{8CF2CA35-ACF5-4DCE-879F-F7B3C6530864}"
EndProject
Global
	GlobalSection(SolutionConfigurationPlatforms) = preSolution
		Debug|x86 = Debug|x86
		Release|x86 = Release|x86
	EndGlobalSection
	GlobalSection(ProjectConfigurationPlatforms) = postSolution
		{8CF2CA35-ACF5-4DCE-879F-F7B3C6530864}.Debug|x86.ActiveCfg = Debug|x86
		{8CF2CA35-ACF5-4DCE-879F-F7B3C6530864}.Debug|x86.Build.0 = Debug|x86
		{8CF2CA35-ACF5-4DCE-879F-F7B3C6530864}.Release|x86.ActiveCfg = Release|x86
		{8CF2CA35-ACF5-4DCE-879F-F7B3C6530864}.Release|x86.Build.0 = Release|x86
	EndGlobalSection
EndGlobal
