
Microsoft Visual Studio Solution File, Format Version 12.00
# Visual Studio 2012
Project("{FAE04EC0-301F-11D3-BF4B-00C04F79EFBC}") = "Laba10.4", "Laba10.4\Laba10.4.csproj", "{76BFA1B4-E6A0-4B82-9C2A-121BC5675322}"
EndProject
Global
	GlobalSection(SolutionConfigurationPlatforms) = preSolution
		Debug|x86 = Debug|x86
		Release|x86 = Release|x86
	EndGlobalSection
	GlobalSection(ProjectConfigurationPlatforms) = postSolution
		{76BFA1B4-E6A0-4B82-9C2A-121BC5675322}.Debug|x86.ActiveCfg = Debug|x86
		{76BFA1B4-E6A0-4B82-9C2A-121BC5675322}.Debug|x86.Build.0 = Debug|x86
		{76BFA1B4-E6A0-4B82-9C2A-121BC5675322}.Release|x86.ActiveCfg = Release|x86
		{76BFA1B4-E6A0-4B82-9C2A-121BC5675322}.Release|x86.Build.0 = Release|x86
	EndGlobalSection
EndGlobal
