
Microsoft Visual Studio Solution File, Format Version 12.00
# Visual Studio 2012
Project("{FAE04EC0-301F-11D3-BF4B-00C04F79EFBC}") = "Laba1.3", "Laba1.3\Laba1.3.csproj", "{0D9DE19C-8106-43F1-BDA9-CF44E25A5D7B}"
EndProject
Global
	GlobalSection(SolutionConfigurationPlatforms) = preSolution
		Debug|x86 = Debug|x86
		Release|x86 = Release|x86
	EndGlobalSection
	GlobalSection(ProjectConfigurationPlatforms) = postSolution
		{0D9DE19C-8106-43F1-BDA9-CF44E25A5D7B}.Debug|x86.ActiveCfg = Debug|x86
		{0D9DE19C-8106-43F1-BDA9-CF44E25A5D7B}.Debug|x86.Build.0 = Debug|x86
		{0D9DE19C-8106-43F1-BDA9-CF44E25A5D7B}.Release|x86.ActiveCfg = Release|x86
		{0D9DE19C-8106-43F1-BDA9-CF44E25A5D7B}.Release|x86.Build.0 = Release|x86
	EndGlobalSection
EndGlobal
