
Microsoft Visual Studio Solution File, Format Version 12.00
# Visual Studio 2012
Project("{FAE04EC0-301F-11D3-BF4B-00C04F79EFBC}") = "Individ2", "Individ2\Individ2.csproj", "{D73D1BD8-E86D-4CB7-8B68-65ADB0125E2D}"
EndProject
Global
	GlobalSection(SolutionConfigurationPlatforms) = preSolution
		Debug|x86 = Debug|x86
		Release|x86 = Release|x86
	EndGlobalSection
	GlobalSection(ProjectConfigurationPlatforms) = postSolution
		{D73D1BD8-E86D-4CB7-8B68-65ADB0125E2D}.Debug|x86.ActiveCfg = Debug|x86
		{D73D1BD8-E86D-4CB7-8B68-65ADB0125E2D}.Debug|x86.Build.0 = Debug|x86
		{D73D1BD8-E86D-4CB7-8B68-65ADB0125E2D}.Release|x86.ActiveCfg = Release|x86
		{D73D1BD8-E86D-4CB7-8B68-65ADB0125E2D}.Release|x86.Build.0 = Release|x86
	EndGlobalSection
EndGlobal
