
Microsoft Visual Studio Solution File, Format Version 12.00
# Visual Studio 2012
Project("{FAE04EC0-301F-11D3-BF4B-00C04F79EFBC}") = "Laba1.5", "Laba1.5\Laba1.5.csproj", "{57A0F9C1-347E-4B66-8AB2-D18EE8B8C5F1}"
EndProject
Global
	GlobalSection(SolutionConfigurationPlatforms) = preSolution
		Debug|x86 = Debug|x86
		Release|x86 = Release|x86
	EndGlobalSection
	GlobalSection(ProjectConfigurationPlatforms) = postSolution
		{57A0F9C1-347E-4B66-8AB2-D18EE8B8C5F1}.Debug|x86.ActiveCfg = Debug|x86
		{57A0F9C1-347E-4B66-8AB2-D18EE8B8C5F1}.Debug|x86.Build.0 = Debug|x86
		{57A0F9C1-347E-4B66-8AB2-D18EE8B8C5F1}.Release|x86.ActiveCfg = Release|x86
		{57A0F9C1-347E-4B66-8AB2-D18EE8B8C5F1}.Release|x86.Build.0 = Release|x86
	EndGlobalSection
EndGlobal
